
Microsoft Visual Studio Solution File, Format Version 12.00
# Visual Studio Version 17
VisualStudioVersion = 17.0.31912.275
MinimumVisualStudioVersion = 10.0.40219.1
Project("{FAE04EC0-301F-11D3-BF4B-00C04F79EFBC}") = "TratamentoExcecoesEx1", "TratamentoExcecoesEx1\TratamentoExcecoesEx1.csproj", "{B5B36753-A08E-45BF-80DE-BC2D259DECCD}"
EndProject
Global
	GlobalSection(SolutionConfigurationPlatforms) = preSolution
		Debug|Any CPU = Debug|Any CPU
		Release|Any CPU = Release|Any CPU
	EndGlobalSection
	GlobalSection(ProjectConfigurationPlatforms) = postSolution
		{B5B36753-A08E-45BF-80DE-BC2D259DECCD}.Debug|Any CPU.ActiveCfg = Debug|Any CPU
		{B5B36753-A08E-45BF-80DE-BC2D259DECCD}.Debug|Any CPU.Build.0 = Debug|Any CPU
		{B5B36753-A08E-45BF-80DE-BC2D259DECCD}.Release|Any CPU.ActiveCfg = Release|Any CPU
		{B5B36753-A08E-45BF-80DE-BC2D259DECCD}.Release|Any CPU.Build.0 = Release|Any CPU
	EndGlobalSection
	GlobalSection(SolutionProperties) = preSolution
		HideSolutionNode = FALSE
	EndGlobalSection
	GlobalSection(ExtensibilityGlobals) = postSolution
		SolutionGuid = {6DC58119-FE7D-461D-8690-1B7D7751D8DD}
	EndGlobalSection
EndGlobal
