
Microsoft Visual Studio Solution File, Format Version 12.00
# Visual Studio Version 16
VisualStudioVersion = 16.0.31321.278
MinimumVisualStudioVersion = 10.0.40219.1
Project("{FAE04EC0-301F-11D3-BF4B-00C04F79EFBC}") = "EnumeracoesEcomposicao", "EnumeracoesEcomposicao\EnumeracoesEcomposicao.csproj", "{962F0005-2B55-4EDC-9865-A9036489662E}"
EndProject
Global
	GlobalSection(SolutionConfigurationPlatforms) = preSolution
		Debug|Any CPU = Debug|Any CPU
		Release|Any CPU = Release|Any CPU
	EndGlobalSection
	GlobalSection(ProjectConfigurationPlatforms) = postSolution
		{962F0005-2B55-4EDC-9865-A9036489662E}.Debug|Any CPU.ActiveCfg = Debug|Any CPU
		{962F0005-2B55-4EDC-9865-A9036489662E}.Debug|Any CPU.Build.0 = Debug|Any CPU
		{962F0005-2B55-4EDC-9865-A9036489662E}.Release|Any CPU.ActiveCfg = Release|Any CPU
		{962F0005-2B55-4EDC-9865-A9036489662E}.Release|Any CPU.Build.0 = Release|Any CPU
	EndGlobalSection
	GlobalSection(SolutionProperties) = preSolution
		HideSolutionNode = FALSE
	EndGlobalSection
	GlobalSection(ExtensibilityGlobals) = postSolution
		SolutionGuid = {070BAACF-0A9D-4A04-AD8A-07B9132CFB41}
	EndGlobalSection
EndGlobal
