
Microsoft Visual Studio Solution File, Format Version 12.00
# Visual Studio Version 17
VisualStudioVersion = 17.0.31912.275
MinimumVisualStudioVersion = 10.0.40219.1
Project("{FAE04EC0-301F-11D3-BF4B-00C04F79EFBC}") = "InterfacesVSheranca", "InterfacesVSheranca\InterfacesVSheranca.csproj", "{918EF08D-3443-4932-A062-D159A73B6999}"
EndProject
Global
	GlobalSection(SolutionConfigurationPlatforms) = preSolution
		Debug|Any CPU = Debug|Any CPU
		Release|Any CPU = Release|Any CPU
	EndGlobalSection
	GlobalSection(ProjectConfigurationPlatforms) = postSolution
		{918EF08D-3443-4932-A062-D159A73B6999}.Debug|Any CPU.ActiveCfg = Debug|Any CPU
		{918EF08D-3443-4932-A062-D159A73B6999}.Debug|Any CPU.Build.0 = Debug|Any CPU
		{918EF08D-3443-4932-A062-D159A73B6999}.Release|Any CPU.ActiveCfg = Release|Any CPU
		{918EF08D-3443-4932-A062-D159A73B6999}.Release|Any CPU.Build.0 = Release|Any CPU
	EndGlobalSection
	GlobalSection(SolutionProperties) = preSolution
		HideSolutionNode = FALSE
	EndGlobalSection
	GlobalSection(ExtensibilityGlobals) = postSolution
		SolutionGuid = {098BC68D-767D-4ECC-AD6D-43986EA28666}
	EndGlobalSection
EndGlobal
